// !$*UTF8*$!
{
	archiveVersion = 1;
	classes = {
	};
	objectVersion = 55;
	objects = {

/* Begin PBXBuildFile section */
		A365C42F2887CD83003814A7 /* WeatherViewController.swift in Sources */ = {isa = PBXBuildFile; fileRef = A365C42E2887CD83003814A7 /* WeatherViewController.swift */; };
		A365C4332887D199003814A7 /* WeatherSceneProtocol.swift in Sources */ = {isa = PBXBuildFile; fileRef = A365C4322887D199003814A7 /* WeatherSceneProtocol.swift */; };
		A365C4372887D758003814A7 /* WeatherScenePresenter.swift in Sources */ = {isa = PBXBuildFile; fileRef = A365C4362887D758003814A7 /* WeatherScenePresenter.swift */; };
		A365C4392887D7BF003814A7 /* SceneBuilder.swift in Sources */ = {isa = PBXBuildFile; fileRef = A365C4382887D7BF003814A7 /* SceneBuilder.swift */; };
		A365C43C2887D8E6003814A7 /* WeatherSceneInteractor.swift in Sources */ = {isa = PBXBuildFile; fileRef = A365C43B2887D8E6003814A7 /* WeatherSceneInteractor.swift */; };
		A37EBE922887CB1100AE73C0 /* AppDelegate.swift in Sources */ = {isa = PBXBuildFile; fileRef = A37EBE912887CB1100AE73C0 /* AppDelegate.swift */; };
		A37EBE942887CB1100AE73C0 /* SceneDelegate.swift in Sources */ = {isa = PBXBuildFile; fileRef = A37EBE932887CB1100AE73C0 /* SceneDelegate.swift */; };
		A37EBE9B2887CB1100AE73C0 /* Assets.xcassets in Resources */ = {isa = PBXBuildFile; fileRef = A37EBE9A2887CB1100AE73C0 /* Assets.xcassets */; };
		A37EBE9E2887CB1100AE73C0 /* LaunchScreen.storyboard in Resources */ = {isa = PBXBuildFile; fileRef = A37EBE9C2887CB1100AE73C0 /* LaunchScreen.storyboard */; };
		A37EBEA92887CB1100AE73C0 /* Viper_PracticeTests.swift in Sources */ = {isa = PBXBuildFile; fileRef = A37EBEA82887CB1100AE73C0 /* Viper_PracticeTests.swift */; };
		A37EBEB32887CB1100AE73C0 /* Viper_PracticeUITests.swift in Sources */ = {isa = PBXBuildFile; fileRef = A37EBEB22887CB1100AE73C0 /* Viper_PracticeUITests.swift */; };
		A37EBEB52887CB1100AE73C0 /* Viper_PracticeUITestsLaunchTests.swift in Sources */ = {isa = PBXBuildFile; fileRef = A37EBEB42887CB1100AE73C0 /* Viper_PracticeUITestsLaunchTests.swift */; };
		A3BE1F9C288840BA003F17A5 /* WeatherService.swift in Sources */ = {isa = PBXBuildFile; fileRef = A3BE1F9B288840BA003F17A5 /* WeatherService.swift */; };
		A3BE1F9F28884262003F17A5 /* WeatherModel.swift in Sources */ = {isa = PBXBuildFile; fileRef = A3BE1F9E28884262003F17A5 /* WeatherModel.swift */; };
		A3BE1FA12888427C003F17A5 /* WeatherViewModel.swift in Sources */ = {isa = PBXBuildFile; fileRef = A3BE1FA02888427C003F17A5 /* WeatherViewModel.swift */; };
		A3BE1FA4288842AA003F17A5 /* WeatherSceneRouter.swift in Sources */ = {isa = PBXBuildFile; fileRef = A3BE1FA3288842AA003F17A5 /* WeatherSceneRouter.swift */; };
		A3BE1FA628884AF5003F17A5 /* Weather.swift in Sources */ = {isa = PBXBuildFile; fileRef = A3BE1FA528884AF5003F17A5 /* Weather.swift */; };
/* End PBXBuildFile section */

/* Begin PBXContainerItemProxy section */
		A37EBEA52887CB1100AE73C0 /* PBXContainerItemProxy */ = {
			isa = PBXContainerItemProxy;
			containerPortal = A37EBE862887CB1100AE73C0 /* Project object */;
			proxyType = 1;
			remoteGlobalIDString = A37EBE8D2887CB1100AE73C0;
			remoteInfo = "Viper-Practice";
		};
		A37EBEAF2887CB1100AE73C0 /* PBXContainerItemProxy */ = {
			isa = PBXContainerItemProxy;
			containerPortal = A37EBE862887CB1100AE73C0 /* Project object */;
			proxyType = 1;
			remoteGlobalIDString = A37EBE8D2887CB1100AE73C0;
			remoteInfo = "Viper-Practice";
		};
/* End PBXContainerItemProxy section */

/* Begin PBXFileReference section */
		A365C42E2887CD83003814A7 /* WeatherViewController.swift */ = {isa = PBXFileReference; lastKnownFileType = sourcecode.swift; path = WeatherViewController.swift; sourceTree = "<group>"; };
		A365C4322887D199003814A7 /* WeatherSceneProtocol.swift */ = {isa = PBXFileReference; lastKnownFileType = sourcecode.swift; path = WeatherSceneProtocol.swift; sourceTree = "<group>"; };
		A365C4362887D758003814A7 /* WeatherScenePresenter.swift */ = {isa = PBXFileReference; lastKnownFileType = sourcecode.swift; path = WeatherScenePresenter.swift; sourceTree = "<group>"; };
		A365C4382887D7BF003814A7 /* SceneBuilder.swift */ = {isa = PBXFileReference; lastKnownFileType = sourcecode.swift; path = SceneBuilder.swift; sourceTree = "<group>"; };
		A365C43B2887D8E6003814A7 /* WeatherSceneInteractor.swift */ = {isa = PBXFileReference; lastKnownFileType = sourcecode.swift; path = WeatherSceneInteractor.swift; sourceTree = "<group>"; };
		A37EBE8E2887CB1100AE73C0 /* Viper-Practice.app */ = {isa = PBXFileReference; explicitFileType = wrapper.application; includeInIndex = 0; path = "Viper-Practice.app"; sourceTree = BUILT_PRODUCTS_DIR; };
		A37EBE912887CB1100AE73C0 /* AppDelegate.swift */ = {isa = PBXFileReference; lastKnownFileType = sourcecode.swift; path = AppDelegate.swift; sourceTree = "<group>"; };
		A37EBE932887CB1100AE73C0 /* SceneDelegate.swift */ = {isa = PBXFileReference; lastKnownFileType = sourcecode.swift; path = SceneDelegate.swift; sourceTree = "<group>"; };
		A37EBE9A2887CB1100AE73C0 /* Assets.xcassets */ = {isa = PBXFileReference; lastKnownFileType = folder.assetcatalog; path = Assets.xcassets; sourceTree = "<group>"; };
		A37EBE9D2887CB1100AE73C0 /* Base */ = {isa = PBXFileReference; lastKnownFileType = file.storyboard; name = Base; path = Base.lproj/LaunchScreen.storyboard; sourceTree = "<group>"; };
		A37EBE9F2887CB1100AE73C0 /* Info.plist */ = {isa = PBXFileReference; lastKnownFileType = text.plist.xml; path = Info.plist; sourceTree = "<group>"; };
		A37EBEA42887CB1100AE73C0 /* Viper-PracticeTests.xctest */ = {isa = PBXFileReference; explicitFileType = wrapper.cfbundle; includeInIndex = 0; path = "Viper-PracticeTests.xctest"; sourceTree = BUILT_PRODUCTS_DIR; };
		A37EBEA82887CB1100AE73C0 /* Viper_PracticeTests.swift */ = {isa = PBXFileReference; lastKnownFileType = sourcecode.swift; path = Viper_PracticeTests.swift; sourceTree = "<group>"; };
		A37EBEAE2887CB1100AE73C0 /* Viper-PracticeUITests.xctest */ = {isa = PBXFileReference; explicitFileType = wrapper.cfbundle; includeInIndex = 0; path = "Viper-PracticeUITests.xctest"; sourceTree = BUILT_PRODUCTS_DIR; };
		A37EBEB22887CB1100AE73C0 /* Viper_PracticeUITests.swift */ = {isa = PBXFileReference; lastKnownFileType = sourcecode.swift; path = Viper_PracticeUITests.swift; sourceTree = "<group>"; };
		A37EBEB42887CB1100AE73C0 /* Viper_PracticeUITestsLaunchTests.swift */ = {isa = PBXFileReference; lastKnownFileType = sourcecode.swift; path = Viper_PracticeUITestsLaunchTests.swift; sourceTree = "<group>"; };
		A3BE1F9B288840BA003F17A5 /* WeatherService.swift */ = {isa = PBXFileReference; lastKnownFileType = sourcecode.swift; path = WeatherService.swift; sourceTree = "<group>"; };
		A3BE1F9E28884262003F17A5 /* WeatherModel.swift */ = {isa = PBXFileReference; lastKnownFileType = sourcecode.swift; path = WeatherModel.swift; sourceTree = "<group>"; };
		A3BE1FA02888427C003F17A5 /* WeatherViewModel.swift */ = {isa = PBXFileReference; lastKnownFileType = sourcecode.swift; path = WeatherViewModel.swift; sourceTree = "<group>"; };
		A3BE1FA3288842AA003F17A5 /* WeatherSceneRouter.swift */ = {isa = PBXFileReference; lastKnownFileType = sourcecode.swift; path = WeatherSceneRouter.swift; sourceTree = "<group>"; };
		A3BE1FA528884AF5003F17A5 /* Weather.swift */ = {isa = PBXFileReference; lastKnownFileType = sourcecode.swift; path = Weather.swift; sourceTree = "<group>"; };
/* End PBXFileReference section */

/* Begin PBXFrameworksBuildPhase section */
		A37EBE8B2887CB1100AE73C0 /* Frameworks */ = {
			isa = PBXFrameworksBuildPhase;
			buildActionMask = 2147483647;
			files = (
			);
			runOnlyForDeploymentPostprocessing = 0;
		};
		A37EBEA12887CB1100AE73C0 /* Frameworks */ = {
			isa = PBXFrameworksBuildPhase;
			buildActionMask = 2147483647;
			files = (
			);
			runOnlyForDeploymentPostprocessing = 0;
		};
		A37EBEAB2887CB1100AE73C0 /* Frameworks */ = {
			isa = PBXFrameworksBuildPhase;
			buildActionMask = 2147483647;
			files = (
			);
			runOnlyForDeploymentPostprocessing = 0;
		};
/* End PBXFrameworksBuildPhase section */

/* Begin PBXGroup section */
		A365C4302887D180003814A7 /* Weather */ = {
			isa = PBXGroup;
			children = (
				A365C4342887D73F003814A7 /* View */,
				A365C43A2887D8C5003814A7 /* Interactor */,
				A365C4352887D749003814A7 /* Presenter */,
				A3BE1F9D2888424F003F17A5 /* Entity */,
				A3BE1FA228884292003F17A5 /* Router */,
				A365C4312887D187003814A7 /* Protocols */,
			);
			path = Weather;
			sourceTree = "<group>";
		};
		A365C4312887D187003814A7 /* Protocols */ = {
			isa = PBXGroup;
			children = (
				A365C4322887D199003814A7 /* WeatherSceneProtocol.swift */,
			);
			path = Protocols;
			sourceTree = "<group>";
		};
		A365C4342887D73F003814A7 /* View */ = {
			isa = PBXGroup;
			children = (
				A365C42E2887CD83003814A7 /* WeatherViewController.swift */,
			);
			path = View;
			sourceTree = "<group>";
		};
		A365C4352887D749003814A7 /* Presenter */ = {
			isa = PBXGroup;
			children = (
				A365C4362887D758003814A7 /* WeatherScenePresenter.swift */,
			);
			path = Presenter;
			sourceTree = "<group>";
		};
		A365C43A2887D8C5003814A7 /* Interactor */ = {
			isa = PBXGroup;
			children = (
				A365C43B2887D8E6003814A7 /* WeatherSceneInteractor.swift */,
			);
			path = Interactor;
			sourceTree = "<group>";
		};
		A37EBE852887CB1100AE73C0 = {
			isa = PBXGroup;
			children = (
				A37EBE902887CB1100AE73C0 /* Viper-Practice */,
				A37EBEA72887CB1100AE73C0 /* Viper-PracticeTests */,
				A37EBEB12887CB1100AE73C0 /* Viper-PracticeUITests */,
				A37EBE8F2887CB1100AE73C0 /* Products */,
			);
			sourceTree = "<group>";
		};
		A37EBE8F2887CB1100AE73C0 /* Products */ = {
			isa = PBXGroup;
			children = (
				A37EBE8E2887CB1100AE73C0 /* Viper-Practice.app */,
				A37EBEA42887CB1100AE73C0 /* Viper-PracticeTests.xctest */,
				A37EBEAE2887CB1100AE73C0 /* Viper-PracticeUITests.xctest */,
			);
			name = Products;
			sourceTree = "<group>";
		};
		A37EBE902887CB1100AE73C0 /* Viper-Practice */ = {
			isa = PBXGroup;
			children = (
				A37EBE912887CB1100AE73C0 /* AppDelegate.swift */,
				A37EBE932887CB1100AE73C0 /* SceneDelegate.swift */,
				A3BE1FA728884B24003F17A5 /* Builder */,
				A3BE1F9A288840AC003F17A5 /* Service */,
				A365C4302887D180003814A7 /* Weather */,
				A37EBE9A2887CB1100AE73C0 /* Assets.xcassets */,
				A37EBE9C2887CB1100AE73C0 /* LaunchScreen.storyboard */,
				A37EBE9F2887CB1100AE73C0 /* Info.plist */,
			);
			path = "Viper-Practice";
			sourceTree = "<group>";
		};
		A37EBEA72887CB1100AE73C0 /* Viper-PracticeTests */ = {
			isa = PBXGroup;
			children = (
				A37EBEA82887CB1100AE73C0 /* Viper_PracticeTests.swift */,
			);
			path = "Viper-PracticeTests";
			sourceTree = "<group>";
		};
		A37EBEB12887CB1100AE73C0 /* Viper-PracticeUITests */ = {
			isa = PBXGroup;
			children = (
				A37EBEB22887CB1100AE73C0 /* Viper_PracticeUITests.swift */,
				A37EBEB42887CB1100AE73C0 /* Viper_PracticeUITestsLaunchTests.swift */,
			);
			path = "Viper-PracticeUITests";
			sourceTree = "<group>";
		};
		A3BE1F9A288840AC003F17A5 /* Service */ = {
			isa = PBXGroup;
			children = (
				A3BE1F9B288840BA003F17A5 /* WeatherService.swift */,
			);
			path = Service;
			sourceTree = "<group>";
		};
		A3BE1F9D2888424F003F17A5 /* Entity */ = {
			isa = PBXGroup;
			children = (
				A3BE1FA528884AF5003F17A5 /* Weather.swift */,
				A3BE1F9E28884262003F17A5 /* WeatherModel.swift */,
				A3BE1FA02888427C003F17A5 /* WeatherViewModel.swift */,
			);
			path = Entity;
			sourceTree = "<group>";
		};
		A3BE1FA228884292003F17A5 /* Router */ = {
			isa = PBXGroup;
			children = (
				A3BE1FA3288842AA003F17A5 /* WeatherSceneRouter.swift */,
			);
			path = Router;
			sourceTree = "<group>";
		};
		A3BE1FA728884B24003F17A5 /* Builder */ = {
			isa = PBXGroup;
			children = (
				A365C4382887D7BF003814A7 /* SceneBuilder.swift */,
			);
			path = Builder;
			sourceTree = "<group>";
		};
/* End PBXGroup section */

/* Begin PBXNativeTarget section */
		A37EBE8D2887CB1100AE73C0 /* Viper-Practice */ = {
			isa = PBXNativeTarget;
			buildConfigurationList = A37EBEB82887CB1100AE73C0 /* Build configuration list for PBXNativeTarget "Viper-Practice" */;
			buildPhases = (
				A37EBE8A2887CB1100AE73C0 /* Sources */,
				A37EBE8B2887CB1100AE73C0 /* Frameworks */,
				A37EBE8C2887CB1100AE73C0 /* Resources */,
			);
			buildRules = (
			);
			dependencies = (
			);
			name = "Viper-Practice";
			productName = "Viper-Practice";
			productReference = A37EBE8E2887CB1100AE73C0 /* Viper-Practice.app */;
			productType = "com.apple.product-type.application";
		};
		A37EBEA32887CB1100AE73C0 /* Viper-PracticeTests */ = {
			isa = PBXNativeTarget;
			buildConfigurationList = A37EBEBB2887CB1100AE73C0 /* Build configuration list for PBXNativeTarget "Viper-PracticeTests" */;
			buildPhases = (
				A37EBEA02887CB1100AE73C0 /* Sources */,
				A37EBEA12887CB1100AE73C0 /* Frameworks */,
				A37EBEA22887CB1100AE73C0 /* Resources */,
			);
			buildRules = (
			);
			dependencies = (
				A37EBEA62887CB1100AE73C0 /* PBXTargetDependency */,
			);
			name = "Viper-PracticeTests";
			productName = "Viper-PracticeTests";
			productReference = A37EBEA42887CB1100AE73C0 /* Viper-PracticeTests.xctest */;
			productType = "com.apple.product-type.bundle.unit-test";
		};
		A37EBEAD2887CB1100AE73C0 /* Viper-PracticeUITests */ = {
			isa = PBXNativeTarget;
			buildConfigurationList = A37EBEBE2887CB1100AE73C0 /* Build configuration list for PBXNativeTarget "Viper-PracticeUITests" */;
			buildPhases = (
				A37EBEAA2887CB1100AE73C0 /* Sources */,
				A37EBEAB2887CB1100AE73C0 /* Frameworks */,
				A37EBEAC2887CB1100AE73C0 /* Resources */,
			);
			buildRules = (
			);
			dependencies = (
				A37EBEB02887CB1100AE73C0 /* PBXTargetDependency */,
			);
			name = "Viper-PracticeUITests";
			productName = "Viper-PracticeUITests";
			productReference = A37EBEAE2887CB1100AE73C0 /* Viper-PracticeUITests.xctest */;
			productType = "com.apple.product-type.bundle.ui-testing";
		};
/* End PBXNativeTarget section */

/* Begin PBXProject section */
		A37EBE862887CB1100AE73C0 /* Project object */ = {
			isa = PBXProject;
			attributes = {
				BuildIndependentTargetsInParallel = 1;
				LastSwiftUpdateCheck = 1340;
				LastUpgradeCheck = 1340;
				TargetAttributes = {
					A37EBE8D2887CB1100AE73C0 = {
						CreatedOnToolsVersion = 13.4;
					};
					A37EBEA32887CB1100AE73C0 = {
						CreatedOnToolsVersion = 13.4;
						TestTargetID = A37EBE8D2887CB1100AE73C0;
					};
					A37EBEAD2887CB1100AE73C0 = {
						CreatedOnToolsVersion = 13.4;
						TestTargetID = A37EBE8D2887CB1100AE73C0;
					};
				};
			};
			buildConfigurationList = A37EBE892887CB1100AE73C0 /* Build configuration list for PBXProject "Viper-Practice" */;
			compatibilityVersion = "Xcode 13.0";
			developmentRegion = en;
			hasScannedForEncodings = 0;
			knownRegions = (
				en,
				Base,
			);
			mainGroup = A37EBE852887CB1100AE73C0;
			productRefGroup = A37EBE8F2887CB1100AE73C0 /* Products */;
			projectDirPath = "";
			projectRoot = "";
			targets = (
				A37EBE8D2887CB1100AE73C0 /* Viper-Practice */,
				A37EBEA32887CB1100AE73C0 /* Viper-PracticeTests */,
				A37EBEAD2887CB1100AE73C0 /* Viper-PracticeUITests */,
			);
		};
/* End PBXProject section */

/* Begin PBXResourcesBuildPhase section */
		A37EBE8C2887CB1100AE73C0 /* Resources */ = {
			isa = PBXResourcesBuildPhase;
			buildActionMask = 2147483647;
			files = (
				A37EBE9E2887CB1100AE73C0 /* LaunchScreen.storyboard in Resources */,
				A37EBE9B2887CB1100AE73C0 /* Assets.xcassets in Resources */,
			);
			runOnlyForDeploymentPostprocessing = 0;
		};
		A37EBEA22887CB1100AE73C0 /* Resources */ = {
			isa = PBXResourcesBuildPhase;
			buildActionMask = 2147483647;
			files = (
			);
			runOnlyForDeploymentPostprocessing = 0;
		};
		A37EBEAC2887CB1100AE73C0 /* Resources */ = {
			isa = PBXResourcesBuildPhase;
			buildActionMask = 2147483647;
			files = (
			);
			runOnlyForDeploymentPostprocessing = 0;
		};
/* End PBXResourcesBuildPhase section */

/* Begin PBXSourcesBuildPhase section */
		A37EBE8A2887CB1100AE73C0 /* Sources */ = {
			isa = PBXSourcesBuildPhase;
			buildActionMask = 2147483647;
			files = (
				A3BE1F9C288840BA003F17A5 /* WeatherService.swift in Sources */,
				A37EBE922887CB1100AE73C0 /* AppDelegate.swift in Sources */,
				A365C4392887D7BF003814A7 /* SceneBuilder.swift in Sources */,
				A3BE1FA4288842AA003F17A5 /* WeatherSceneRouter.swift in Sources */,
				A3BE1FA628884AF5003F17A5 /* Weather.swift in Sources */,
				A365C42F2887CD83003814A7 /* WeatherViewController.swift in Sources */,
				A3BE1F9F28884262003F17A5 /* WeatherModel.swift in Sources */,
				A3BE1FA12888427C003F17A5 /* WeatherViewModel.swift in Sources */,
				A365C4332887D199003814A7 /* WeatherSceneProtocol.swift in Sources */,
				A365C43C2887D8E6003814A7 /* WeatherSceneInteractor.swift in Sources */,
				A37EBE942887CB1100AE73C0 /* SceneDelegate.swift in Sources */,
				A365C4372887D758003814A7 /* WeatherScenePresenter.swift in Sources */,
			);
			runOnlyForDeploymentPostprocessing = 0;
		};
		A37EBEA02887CB1100AE73C0 /* Sources */ = {
			isa = PBXSourcesBuildPhase;
			buildActionMask = 2147483647;
			files = (
				A37EBEA92887CB1100AE73C0 /* Viper_PracticeTests.swift in Sources */,
			);
			runOnlyForDeploymentPostprocessing = 0;
		};
		A37EBEAA2887CB1100AE73C0 /* Sources */ = {
			isa = PBXSourcesBuildPhase;
			buildActionMask = 2147483647;
			files = (
				A37EBEB52887CB1100AE73C0 /* Viper_PracticeUITestsLaunchTests.swift in Sources */,
				A37EBEB32887CB1100AE73C0 /* Viper_PracticeUITests.swift in Sources */,
			);
			runOnlyForDeploymentPostprocessing = 0;
		};
/* End PBXSourcesBuildPhase section */

/* Begin PBXTargetDependency section */
		A37EBEA62887CB1100AE73C0 /* PBXTargetDependency */ = {
			isa = PBXTargetDependency;
			target = A37EBE8D2887CB1100AE73C0 /* Viper-Practice */;
			targetProxy = A37EBEA52887CB1100AE73C0 /* PBXContainerItemProxy */;
		};
		A37EBEB02887CB1100AE73C0 /* PBXTargetDependency */ = {
			isa = PBXTargetDependency;
			target = A37EBE8D2887CB1100AE73C0 /* Viper-Practice */;
			targetProxy = A37EBEAF2887CB1100AE73C0 /* PBXContainerItemProxy */;
		};
/* End PBXTargetDependency section */

/* Begin PBXVariantGroup section */
		A37EBE9C2887CB1100AE73C0 /* LaunchScreen.storyboard */ = {
			isa = PBXVariantGroup;
			children = (
				A37EBE9D2887CB1100AE73C0 /* Base */,
			);
			name = LaunchScreen.storyboard;
			sourceTree = "<group>";
		};
/* End PBXVariantGroup section */

/* Begin XCBuildConfiguration section */
		A37EBEB62887CB1100AE73C0 /* Debug */ = {
			isa = XCBuildConfiguration;
			buildSettings = {
				ALWAYS_SEARCH_USER_PATHS = NO;
				CLANG_ANALYZER_NONNULL = YES;
				CLANG_ANALYZER_NUMBER_OBJECT_CONVERSION = YES_AGGRESSIVE;
				CLANG_CXX_LANGUAGE_STANDARD = "gnu++17";
				CLANG_ENABLE_MODULES = YES;
				CLANG_ENABLE_OBJC_ARC = YES;
				CLANG_ENABLE_OBJC_WEAK = YES;
				CLANG_WARN_BLOCK_CAPTURE_AUTORELEASING = YES;
				CLANG_WARN_BOOL_CONVERSION = YES;
				CLANG_WARN_COMMA = YES;
				CLANG_WARN_CONSTANT_CONVERSION = YES;
				CLANG_WARN_DEPRECATED_OBJC_IMPLEMENTATIONS = YES;
				CLANG_WARN_DIRECT_OBJC_ISA_USAGE = YES_ERROR;
				CLANG_WARN_DOCUMENTATION_COMMENTS = YES;
				CLANG_WARN_EMPTY_BODY = YES;
				CLANG_WARN_ENUM_CONVERSION = YES;
				CLANG_WARN_INFINITE_RECURSION = YES;
				CLANG_WARN_INT_CONVERSION = YES;
				CLANG_WARN_NON_LITERAL_NULL_CONVERSION = YES;
				CLANG_WARN_OBJC_IMPLICIT_RETAIN_SELF = YES;
				CLANG_WARN_OBJC_LITERAL_CONVERSION = YES;
				CLANG_WARN_OBJC_ROOT_CLASS = YES_ERROR;
				CLANG_WARN_QUOTED_INCLUDE_IN_FRAMEWORK_HEADER = YES;
				CLANG_WARN_RANGE_LOOP_ANALYSIS = YES;
				CLANG_WARN_STRICT_PROTOTYPES = YES;
				CLANG_WARN_SUSPICIOUS_MOVE = YES;
				CLANG_WARN_UNGUARDED_AVAILABILITY = YES_AGGRESSIVE;
				CLANG_WARN_UNREACHABLE_CODE = YES;
				CLANG_WARN__DUPLICATE_METHOD_MATCH = YES;
				COPY_PHASE_STRIP = NO;
				DEBUG_INFORMATION_FORMAT = dwarf;
				ENABLE_STRICT_OBJC_MSGSEND = YES;
				ENABLE_TESTABILITY = YES;
				GCC_C_LANGUAGE_STANDARD = gnu11;
				GCC_DYNAMIC_NO_PIC = NO;
				GCC_NO_COMMON_BLOCKS = YES;
				GCC_OPTIMIZATION_LEVEL = 0;
				GCC_PREPROCESSOR_DEFINITIONS = (
					"DEBUG=1",
					"$(inherited)",
				);
				GCC_WARN_64_TO_32_BIT_CONVERSION = YES;
				GCC_WARN_ABOUT_RETURN_TYPE = YES_ERROR;
				GCC_WARN_UNDECLARED_SELECTOR = YES;
				GCC_WARN_UNINITIALIZED_AUTOS = YES_AGGRESSIVE;
				GCC_WARN_UNUSED_FUNCTION = YES;
				GCC_WARN_UNUSED_VARIABLE = YES;
				IPHONEOS_DEPLOYMENT_TARGET = 15.5;
				MTL_ENABLE_DEBUG_INFO = INCLUDE_SOURCE;
				MTL_FAST_MATH = YES;
				ONLY_ACTIVE_ARCH = YES;
				SDKROOT = iphoneos;
				SWIFT_ACTIVE_COMPILATION_CONDITIONS = DEBUG;
				SWIFT_OPTIMIZATION_LEVEL = "-Onone";
			};
			name = Debug;
		};
		A37EBEB72887CB1100AE73C0 /* Release */ = {
			isa = XCBuildConfiguration;
			buildSettings = {
				ALWAYS_SEARCH_USER_PATHS = NO;
				CLANG_ANALYZER_NONNULL = YES;
				CLANG_ANALYZER_NUMBER_OBJECT_CONVERSION = YES_AGGRESSIVE;
				CLANG_CXX_LANGUAGE_STANDARD = "gnu++17";
				CLANG_ENABLE_MODULES = YES;
				CLANG_ENABLE_OBJC_ARC = YES;
				CLANG_ENABLE_OBJC_WEAK = YES;
				CLANG_WARN_BLOCK_CAPTURE_AUTORELEASING = YES;
				CLANG_WARN_BOOL_CONVERSION = YES;
				CLANG_WARN_COMMA = YES;
				CLANG_WARN_CONSTANT_CONVERSION = YES;
				CLANG_WARN_DEPRECATED_OBJC_IMPLEMENTATIONS = YES;
				CLANG_WARN_DIRECT_OBJC_ISA_USAGE = YES_ERROR;
				CLANG_WARN_DOCUMENTATION_COMMENTS = YES;
				CLANG_WARN_EMPTY_BODY = YES;
				CLANG_WARN_ENUM_CONVERSION = YES;
				CLANG_WARN_INFINITE_RECURSION = YES;
				CLANG_WARN_INT_CONVERSION = YES;
				CLANG_WARN_NON_LITERAL_NULL_CONVERSION = YES;
				CLANG_WARN_OBJC_IMPLICIT_RETAIN_SELF = YES;
				CLANG_WARN_OBJC_LITERAL_CONVERSION = YES;
				CLANG_WARN_OBJC_ROOT_CLASS = YES_ERROR;
				CLANG_WARN_QUOTED_INCLUDE_IN_FRAMEWORK_HEADER = YES;
				CLANG_WARN_RANGE_LOOP_ANALYSIS = YES;
				CLANG_WARN_STRICT_PROTOTYPES = YES;
				CLANG_WARN_SUSPICIOUS_MOVE = YES;
				CLANG_WARN_UNGUARDED_AVAILABILITY = YES_AGGRESSIVE;
				CLANG_WARN_UNREACHABLE_CODE = YES;
				CLANG_WARN__DUPLICATE_METHOD_MATCH = YES;
				COPY_PHASE_STRIP = NO;
				DEBUG_INFORMATION_FORMAT = "dwarf-with-dsym";
				ENABLE_NS_ASSERTIONS = NO;
				ENABLE_STRICT_OBJC_MSGSEND = YES;
				GCC_C_LANGUAGE_STANDARD = gnu11;
				GCC_NO_COMMON_BLOCKS = YES;
				GCC_WARN_64_TO_32_BIT_CONVERSION = YES;
				GCC_WARN_ABOUT_RETURN_TYPE = YES_ERROR;
				GCC_WARN_UNDECLARED_SELECTOR = YES;
				GCC_WARN_UNINITIALIZED_AUTOS = YES_AGGRESSIVE;
				GCC_WARN_UNUSED_FUNCTION = YES;
				GCC_WARN_UNUSED_VARIABLE = YES;
				IPHONEOS_DEPLOYMENT_TARGET = 15.5;
				MTL_ENABLE_DEBUG_INFO = NO;
				MTL_FAST_MATH = YES;
				SDKROOT = iphoneos;
				SWIFT_COMPILATION_MODE = wholemodule;
				SWIFT_OPTIMIZATION_LEVEL = "-O";
				VALIDATE_PRODUCT = YES;
			};
			name = Release;
		};
		A37EBEB92887CB1100AE73C0 /* Debug */ = {
			isa = XCBuildConfiguration;
			buildSettings = {
				ASSETCATALOG_COMPILER_APPICON_NAME = AppIcon;
				ASSETCATALOG_COMPILER_GLOBAL_ACCENT_COLOR_NAME = AccentColor;
				CODE_SIGN_STYLE = Automatic;
				CURRENT_PROJECT_VERSION = 1;
				DEVELOPMENT_TEAM = RR2TL95C6Z;
				GENERATE_INFOPLIST_FILE = YES;
				INFOPLIST_FILE = "Viper-Practice/Info.plist";
				INFOPLIST_KEY_UIApplicationSupportsIndirectInputEvents = YES;
				INFOPLIST_KEY_UILaunchStoryboardName = LaunchScreen;
				INFOPLIST_KEY_UISupportedInterfaceOrientations_iPad = "UIInterfaceOrientationPortrait UIInterfaceOrientationPortraitUpsideDown UIInterfaceOrientationLandscapeLeft UIInterfaceOrientationLandscapeRight";
				INFOPLIST_KEY_UISupportedInterfaceOrientations_iPhone = "UIInterfaceOrientationPortrait UIInterfaceOrientationLandscapeLeft UIInterfaceOrientationLandscapeRight";
				LD_RUNPATH_SEARCH_PATHS = (
					"$(inherited)",
					"@executable_path/Frameworks",
				);
				MARKETING_VERSION = 1.0;
				PRODUCT_BUNDLE_IDENTIFIER = "Luke.Viper-Practice";
				PRODUCT_NAME = "$(TARGET_NAME)";
				SWIFT_EMIT_LOC_STRINGS = YES;
				SWIFT_VERSION = 5.0;
				TARGETED_DEVICE_FAMILY = "1,2";
			};
			name = Debug;
		};
		A37EBEBA2887CB1100AE73C0 /* Release */ = {
			isa = XCBuildConfiguration;
			buildSettings = {
				ASSETCATALOG_COMPILER_APPICON_NAME = AppIcon;
				ASSETCATALOG_COMPILER_GLOBAL_ACCENT_COLOR_NAME = AccentColor;
				CODE_SIGN_STYLE = Automatic;
				CURRENT_PROJECT_VERSION = 1;
				DEVELOPMENT_TEAM = RR2TL95C6Z;
				GENERATE_INFOPLIST_FILE = YES;
				INFOPLIST_FILE = "Viper-Practice/Info.plist";
				INFOPLIST_KEY_UIApplicationSupportsIndirectInputEvents = YES;
				INFOPLIST_KEY_UILaunchStoryboardName = LaunchScreen;
				INFOPLIST_KEY_UISupportedInterfaceOrientations_iPad = "UIInterfaceOrientationPortrait UIInterfaceOrientationPortraitUpsideDown UIInterfaceOrientationLandscapeLeft UIInterfaceOrientationLandscapeRight";
				INFOPLIST_KEY_UISupportedInterfaceOrientations_iPhone = "UIInterfaceOrientationPortrait UIInterfaceOrientationLandscapeLeft UIInterfaceOrientationLandscapeRight";
				LD_RUNPATH_SEARCH_PATHS = (
					"$(inherited)",
					"@executable_path/Frameworks",
				);
				MARKETING_VERSION = 1.0;
				PRODUCT_BUNDLE_IDENTIFIER = "Luke.Viper-Practice";
				PRODUCT_NAME = "$(TARGET_NAME)";
				SWIFT_EMIT_LOC_STRINGS = YES;
				SWIFT_VERSION = 5.0;
				TARGETED_DEVICE_FAMILY = "1,2";
			};
			name = Release;
		};
		A37EBEBC2887CB1100AE73C0 /* Debug */ = {
			isa = XCBuildConfiguration;
			buildSettings = {
				ALWAYS_EMBED_SWIFT_STANDARD_LIBRARIES = YES;
				BUNDLE_LOADER = "$(TEST_HOST)";
				CODE_SIGN_STYLE = Automatic;
				CURRENT_PROJECT_VERSION = 1;
				DEVELOPMENT_TEAM = RR2TL95C6Z;
				GENERATE_INFOPLIST_FILE = YES;
				IPHONEOS_DEPLOYMENT_TARGET = 15.5;
				MARKETING_VERSION = 1.0;
				PRODUCT_BUNDLE_IDENTIFIER = "Luke.Viper-PracticeTests";
				PRODUCT_NAME = "$(TARGET_NAME)";
				SWIFT_EMIT_LOC_STRINGS = NO;
				SWIFT_VERSION = 5.0;
				TARGETED_DEVICE_FAMILY = "1,2";
				TEST_HOST = "$(BUILT_PRODUCTS_DIR)/Viper-Practice.app/Viper-Practice";
			};
			name = Debug;
		};
		A37EBEBD2887CB1100AE73C0 /* Release */ = {
			isa = XCBuildConfiguration;
			buildSettings = {
				ALWAYS_EMBED_SWIFT_STANDARD_LIBRARIES = YES;
				BUNDLE_LOADER = "$(TEST_HOST)";
				CODE_SIGN_STYLE = Automatic;
				CURRENT_PROJECT_VERSION = 1;
				DEVELOPMENT_TEAM = RR2TL95C6Z;
				GENERATE_INFOPLIST_FILE = YES;
				IPHONEOS_DEPLOYMENT_TARGET = 15.5;
				MARKETING_VERSION = 1.0;
				PRODUCT_BUNDLE_IDENTIFIER = "Luke.Viper-PracticeTests";
				PRODUCT_NAME = "$(TARGET_NAME)";
				SWIFT_EMIT_LOC_STRINGS = NO;
				SWIFT_VERSION = 5.0;
				TARGETED_DEVICE_FAMILY = "1,2";
				TEST_HOST = "$(BUILT_PRODUCTS_DIR)/Viper-Practice.app/Viper-Practice";
			};
			name = Release;
		};
		A37EBEBF2887CB1100AE73C0 /* Debug */ = {
			isa = XCBuildConfiguration;
			buildSettings = {
				ALWAYS_EMBED_SWIFT_STANDARD_LIBRARIES = YES;
				CODE_SIGN_STYLE = Automatic;
				CURRENT_PROJECT_VERSION = 1;
				DEVELOPMENT_TEAM = RR2TL95C6Z;
				GENERATE_INFOPLIST_FILE = YES;
				MARKETING_VERSION = 1.0;
				PRODUCT_BUNDLE_IDENTIFIER = "Luke.Viper-PracticeUITests";
				PRODUCT_NAME = "$(TARGET_NAME)";
				SWIFT_EMIT_LOC_STRINGS = NO;
				SWIFT_VERSION = 5.0;
				TARGETED_DEVICE_FAMILY = "1,2";
				TEST_TARGET_NAME = "Viper-Practice";
			};
			name = Debug;
		};
		A37EBEC02887CB1100AE73C0 /* Release */ = {
			isa = XCBuildConfiguration;
			buildSettings = {
				ALWAYS_EMBED_SWIFT_STANDARD_LIBRARIES = YES;
				CODE_SIGN_STYLE = Automatic;
				CURRENT_PROJECT_VERSION = 1;
				DEVELOPMENT_TEAM = RR2TL95C6Z;
				GENERATE_INFOPLIST_FILE = YES;
				MARKETING_VERSION = 1.0;
				PRODUCT_BUNDLE_IDENTIFIER = "Luke.Viper-PracticeUITests";
				PRODUCT_NAME = "$(TARGET_NAME)";
				SWIFT_EMIT_LOC_STRINGS = NO;
				SWIFT_VERSION = 5.0;
				TARGETED_DEVICE_FAMILY = "1,2";
				TEST_TARGET_NAME = "Viper-Practice";
			};
			name = Release;
		};
/* End XCBuildConfiguration section */

/* Begin XCConfigurationList section */
		A37EBE892887CB1100AE73C0 /* Build configuration list for PBXProject "Viper-Practice" */ = {
			isa = XCConfigurationList;
			buildConfigurations = (
				A37EBEB62887CB1100AE73C0 /* Debug */,
				A37EBEB72887CB1100AE73C0 /* Release */,
			);
			defaultConfigurationIsVisible = 0;
			defaultConfigurationName = Release;
		};
		A37EBEB82887CB1100AE73C0 /* Build configuration list for PBXNativeTarget "Viper-Practice" */ = {
			isa = XCConfigurationList;
			buildConfigurations = (
				A37EBEB92887CB1100AE73C0 /* Debug */,
				A37EBEBA2887CB1100AE73C0 /* Release */,
			);
			defaultConfigurationIsVisible = 0;
			defaultConfigurationName = Release;
		};
		A37EBEBB2887CB1100AE73C0 /* Build configuration list for PBXNativeTarget "Viper-PracticeTests" */ = {
			isa = XCConfigurationList;
			buildConfigurations = (
				A37EBEBC2887CB1100AE73C0 /* Debug */,
				A37EBEBD2887CB1100AE73C0 /* Release */,
			);
			defaultConfigurationIsVisible = 0;
			defaultConfigurationName = Release;
		};
		A37EBEBE2887CB1100AE73C0 /* Build configuration list for PBXNativeTarget "Viper-PracticeUITests" */ = {
			isa = XCConfigurationList;
			buildConfigurations = (
				A37EBEBF2887CB1100AE73C0 /* Debug */,
				A37EBEC02887CB1100AE73C0 /* Release */,
			);
			defaultConfigurationIsVisible = 0;
			defaultConfigurationName = Release;
		};
/* End XCConfigurationList section */
	};
	rootObject = A37EBE862887CB1100AE73C0 /* Project object */;
}
